
Microsoft Visual Studio Solution File, Format Version 12.00
# Visual Studio 2012
Project("{FAE04EC0-301F-11D3-BF4B-00C04F79EFBC}") = "1. Shapes", "1. Shapes\1. Shapes.csproj", "{9E9B54BB-CA85-4E74-BF84-3BE880F08D1B}"
EndProject
Project("{FAE04EC0-301F-11D3-BF4B-00C04F79EFBC}") = "2. Banking", "2. Banking\2. Banking.csproj", "{06F29F61-B3E4-47AC-97DC-A9DDF2BE2C97}"
EndProject
Project("{FAE04EC0-301F-11D3-BF4B-00C04F79EFBC}") = "3. InvalidRangeException", "3. InvalidRangeException\3. InvalidRangeException.csproj", "{A77A5F68-7DEA-47BA-A3C8-898194197C67}"
EndProject
Global
	GlobalSection(SolutionConfigurationPlatforms) = preSolution
		Debug|Any CPU = Debug|Any CPU
		Release|Any CPU = Release|Any CPU
	EndGlobalSection
	GlobalSection(ProjectConfigurationPlatforms) = postSolution
		{9E9B54BB-CA85-4E74-BF84-3BE880F08D1B}.Debug|Any CPU.ActiveCfg = Debug|Any CPU
		{9E9B54BB-CA85-4E74-BF84-3BE880F08D1B}.Debug|Any CPU.Build.0 = Debug|Any CPU
		{9E9B54BB-CA85-4E74-BF84-3BE880F08D1B}.Release|Any CPU.ActiveCfg = Release|Any CPU
		{9E9B54BB-CA85-4E74-BF84-3BE880F08D1B}.Release|Any CPU.Build.0 = Release|Any CPU
		{06F29F61-B3E4-47AC-97DC-A9DDF2BE2C97}.Debug|Any CPU.ActiveCfg = Debug|Any CPU
		{06F29F61-B3E4-47AC-97DC-A9DDF2BE2C97}.Debug|Any CPU.Build.0 = Debug|Any CPU
		{06F29F61-B3E4-47AC-97DC-A9DDF2BE2C97}.Release|Any CPU.ActiveCfg = Release|Any CPU
		{06F29F61-B3E4-47AC-97DC-A9DDF2BE2C97}.Release|Any CPU.Build.0 = Release|Any CPU
		{A77A5F68-7DEA-47BA-A3C8-898194197C67}.Debug|Any CPU.ActiveCfg = Debug|Any CPU
		{A77A5F68-7DEA-47BA-A3C8-898194197C67}.Debug|Any CPU.Build.0 = Debug|Any CPU
		{A77A5F68-7DEA-47BA-A3C8-898194197C67}.Release|Any CPU.ActiveCfg = Release|Any CPU
		{A77A5F68-7DEA-47BA-A3C8-898194197C67}.Release|Any CPU.Build.0 = Release|Any CPU
	EndGlobalSection
	GlobalSection(SolutionProperties) = preSolution
		HideSolutionNode = FALSE
	EndGlobalSection
EndGlobal
