
Microsoft Visual Studio Solution File, Format Version 12.00
# Visual Studio 2012
Project("{FAE04EC0-301F-11D3-BF4B-00C04F79EFBC}") = "01. StringBuilderExtension", "01. StringBuilderExtension\01. StringBuilderExtension.csproj", "{12D878A1-1AF4-4CDB-BA83-5CF779D81F1E}"
EndProject
Project("{FAE04EC0-301F-11D3-BF4B-00C04F79EFBC}") = "02. IEnumerable", "02. IEnumerable\02. IEnumerable.csproj", "{AB0396DB-A037-41AE-A994-89E2D57085F3}"
EndProject
Project("{FAE04EC0-301F-11D3-BF4B-00C04F79EFBC}") = "03,04,05 Students", "03. Students\03,04,05 Students.csproj", "{CCA2841D-4338-48F6-B96D-66C2798ED527}"
EndProject
Project("{FAE04EC0-301F-11D3-BF4B-00C04F79EFBC}") = "6. Divisible by 7 and 3", "6. Divisible by 7 and 3\6. Divisible by 7 and 3.csproj", "{BB08EF67-0EED-452C-AAD8-D7CBB912B163}"
EndProject
Project("{FAE04EC0-301F-11D3-BF4B-00C04F79EFBC}") = "7. Time", "7. Time\7. Time.csproj", "{C6810BF1-6102-48F3-8429-EAD7DECFF20C}"
EndProject
Project("{FAE04EC0-301F-11D3-BF4B-00C04F79EFBC}") = "8. Event", "8. Event\8. Event.csproj", "{0C26AA6B-F6ED-4434-8810-5ED0ECD61C19}"
EndProject
Global
	GlobalSection(SolutionConfigurationPlatforms) = preSolution
		Debug|Any CPU = Debug|Any CPU
		Release|Any CPU = Release|Any CPU
	EndGlobalSection
	GlobalSection(ProjectConfigurationPlatforms) = postSolution
		{12D878A1-1AF4-4CDB-BA83-5CF779D81F1E}.Debug|Any CPU.ActiveCfg = Debug|Any CPU
		{12D878A1-1AF4-4CDB-BA83-5CF779D81F1E}.Debug|Any CPU.Build.0 = Debug|Any CPU
		{12D878A1-1AF4-4CDB-BA83-5CF779D81F1E}.Release|Any CPU.ActiveCfg = Release|Any CPU
		{12D878A1-1AF4-4CDB-BA83-5CF779D81F1E}.Release|Any CPU.Build.0 = Release|Any CPU
		{AB0396DB-A037-41AE-A994-89E2D57085F3}.Debug|Any CPU.ActiveCfg = Debug|Any CPU
		{AB0396DB-A037-41AE-A994-89E2D57085F3}.Debug|Any CPU.Build.0 = Debug|Any CPU
		{AB0396DB-A037-41AE-A994-89E2D57085F3}.Release|Any CPU.ActiveCfg = Release|Any CPU
		{AB0396DB-A037-41AE-A994-89E2D57085F3}.Release|Any CPU.Build.0 = Release|Any CPU
		{CCA2841D-4338-48F6-B96D-66C2798ED527}.Debug|Any CPU.ActiveCfg = Debug|Any CPU
		{CCA2841D-4338-48F6-B96D-66C2798ED527}.Debug|Any CPU.Build.0 = Debug|Any CPU
		{CCA2841D-4338-48F6-B96D-66C2798ED527}.Release|Any CPU.ActiveCfg = Release|Any CPU
		{CCA2841D-4338-48F6-B96D-66C2798ED527}.Release|Any CPU.Build.0 = Release|Any CPU
		{BB08EF67-0EED-452C-AAD8-D7CBB912B163}.Debug|Any CPU.ActiveCfg = Debug|Any CPU
		{BB08EF67-0EED-452C-AAD8-D7CBB912B163}.Debug|Any CPU.Build.0 = Debug|Any CPU
		{BB08EF67-0EED-452C-AAD8-D7CBB912B163}.Release|Any CPU.ActiveCfg = Release|Any CPU
		{BB08EF67-0EED-452C-AAD8-D7CBB912B163}.Release|Any CPU.Build.0 = Release|Any CPU
		{C6810BF1-6102-48F3-8429-EAD7DECFF20C}.Debug|Any CPU.ActiveCfg = Debug|Any CPU
		{C6810BF1-6102-48F3-8429-EAD7DECFF20C}.Debug|Any CPU.Build.0 = Debug|Any CPU
		{C6810BF1-6102-48F3-8429-EAD7DECFF20C}.Release|Any CPU.ActiveCfg = Release|Any CPU
		{C6810BF1-6102-48F3-8429-EAD7DECFF20C}.Release|Any CPU.Build.0 = Release|Any CPU
		{0C26AA6B-F6ED-4434-8810-5ED0ECD61C19}.Debug|Any CPU.ActiveCfg = Debug|Any CPU
		{0C26AA6B-F6ED-4434-8810-5ED0ECD61C19}.Debug|Any CPU.Build.0 = Debug|Any CPU
		{0C26AA6B-F6ED-4434-8810-5ED0ECD61C19}.Release|Any CPU.ActiveCfg = Release|Any CPU
		{0C26AA6B-F6ED-4434-8810-5ED0ECD61C19}.Release|Any CPU.Build.0 = Release|Any CPU
	EndGlobalSection
	GlobalSection(SolutionProperties) = preSolution
		HideSolutionNode = FALSE
	EndGlobalSection
EndGlobal
